
Microsoft Visual Studio Solution File, Format Version 12.00
# Visual Studio 2012
Project("{FAE04EC0-301F-11D3-BF4B-00C04F79EFBC}") = "Problem31", "Problem31\Problem31.csproj", "{5FA735F8-60E3-4D51-B715-BA9CD42ADF07}"
EndProject
Global
	GlobalSection(SolutionConfigurationPlatforms) = preSolution
		Debug|Any CPU = Debug|Any CPU
		Release|Any CPU = Release|Any CPU
	EndGlobalSection
	GlobalSection(ProjectConfigurationPlatforms) = postSolution
		{5FA735F8-60E3-4D51-B715-BA9CD42ADF07}.Debug|Any CPU.ActiveCfg = Debug|Any CPU
		{5FA735F8-60E3-4D51-B715-BA9CD42ADF07}.Debug|Any CPU.Build.0 = Debug|Any CPU
		{5FA735F8-60E3-4D51-B715-BA9CD42ADF07}.Release|Any CPU.ActiveCfg = Release|Any CPU
		{5FA735F8-60E3-4D51-B715-BA9CD42ADF07}.Release|Any CPU.Build.0 = Release|Any CPU
	EndGlobalSection
	GlobalSection(SolutionProperties) = preSolution
		HideSolutionNode = FALSE
	EndGlobalSection
EndGlobal
