
Microsoft Visual Studio Solution File, Format Version 12.00
# Visual Studio 2012
Project("{FAE04EC0-301F-11D3-BF4B-00C04F79EFBC}") = "Problem27", "Problem27\Problem27.csproj", "{4E2104A7-72CE-48C9-92B4-BD610F5CBCB7}"
EndProject
Project("{FAE04EC0-301F-11D3-BF4B-00C04F79EFBC}") = "QuadricPolynominalTest", "QuadricPolynominalTest\QuadricPolynominalTest.csproj", "{53E24B75-A198-4F72-98A3-71C1BAB947CE}"
EndProject
Global
	GlobalSection(SolutionConfigurationPlatforms) = preSolution
		Debug|Any CPU = Debug|Any CPU
		Release|Any CPU = Release|Any CPU
	EndGlobalSection
	GlobalSection(ProjectConfigurationPlatforms) = postSolution
		{4E2104A7-72CE-48C9-92B4-BD610F5CBCB7}.Debug|Any CPU.ActiveCfg = Debug|Any CPU
		{4E2104A7-72CE-48C9-92B4-BD610F5CBCB7}.Debug|Any CPU.Build.0 = Debug|Any CPU
		{4E2104A7-72CE-48C9-92B4-BD610F5CBCB7}.Release|Any CPU.ActiveCfg = Release|Any CPU
		{4E2104A7-72CE-48C9-92B4-BD610F5CBCB7}.Release|Any CPU.Build.0 = Release|Any CPU
		{53E24B75-A198-4F72-98A3-71C1BAB947CE}.Debug|Any CPU.ActiveCfg = Debug|Any CPU
		{53E24B75-A198-4F72-98A3-71C1BAB947CE}.Debug|Any CPU.Build.0 = Debug|Any CPU
		{53E24B75-A198-4F72-98A3-71C1BAB947CE}.Release|Any CPU.ActiveCfg = Release|Any CPU
		{53E24B75-A198-4F72-98A3-71C1BAB947CE}.Release|Any CPU.Build.0 = Release|Any CPU
	EndGlobalSection
	GlobalSection(SolutionProperties) = preSolution
		HideSolutionNode = FALSE
	EndGlobalSection
EndGlobal
