
Microsoft Visual Studio Solution File, Format Version 12.00
# Visual Studio 2012
Project("{FAE04EC0-301F-11D3-BF4B-00C04F79EFBC}") = "Problem37", "Problem37\Problem37.csproj", "{FA953C21-5F05-441D-A700-537DCFBE0CF0}"
EndProject
Project("{FAE04EC0-301F-11D3-BF4B-00C04F79EFBC}") = "UnitTest", "UnitTest\UnitTest.csproj", "{F43A38C7-B539-4350-AC08-D7F993DAEA6B}"
EndProject
Global
	GlobalSection(SolutionConfigurationPlatforms) = preSolution
		Debug|Any CPU = Debug|Any CPU
		Release|Any CPU = Release|Any CPU
	EndGlobalSection
	GlobalSection(ProjectConfigurationPlatforms) = postSolution
		{FA953C21-5F05-441D-A700-537DCFBE0CF0}.Debug|Any CPU.ActiveCfg = Debug|Any CPU
		{FA953C21-5F05-441D-A700-537DCFBE0CF0}.Debug|Any CPU.Build.0 = Debug|Any CPU
		{FA953C21-5F05-441D-A700-537DCFBE0CF0}.Release|Any CPU.ActiveCfg = Release|Any CPU
		{FA953C21-5F05-441D-A700-537DCFBE0CF0}.Release|Any CPU.Build.0 = Release|Any CPU
		{F43A38C7-B539-4350-AC08-D7F993DAEA6B}.Debug|Any CPU.ActiveCfg = Debug|Any CPU
		{F43A38C7-B539-4350-AC08-D7F993DAEA6B}.Debug|Any CPU.Build.0 = Debug|Any CPU
		{F43A38C7-B539-4350-AC08-D7F993DAEA6B}.Release|Any CPU.ActiveCfg = Release|Any CPU
		{F43A38C7-B539-4350-AC08-D7F993DAEA6B}.Release|Any CPU.Build.0 = Release|Any CPU
	EndGlobalSection
	GlobalSection(SolutionProperties) = preSolution
		HideSolutionNode = FALSE
	EndGlobalSection
EndGlobal
